
Microsoft Visual Studio Solution File, Format Version 12.00
# Visual Studio Version 17
VisualStudioVersion = 17.11.35026.347
MinimumVisualStudioVersion = 10.0.40219.1
Project("{FAE04EC0-301F-11D3-BF4B-00C04F79EFBC}") = "wpftest", "wpftest\wpftest.csproj", "{49A57282-47EB-4AD5-A106-DF9F74230ADC}"
EndProject
Global
	GlobalSection(SolutionConfigurationPlatforms) = preSolution
		Debug|Any CPU = Debug|Any CPU
		Release|Any CPU = Release|Any CPU
	EndGlobalSection
	GlobalSection(ProjectConfigurationPlatforms) = postSolution
		{49A57282-47EB-4AD5-A106-DF9F74230ADC}.Debug|Any CPU.ActiveCfg = Debug|Any CPU
		{49A57282-47EB-4AD5-A106-DF9F74230ADC}.Debug|Any CPU.Build.0 = Debug|Any CPU
		{49A57282-47EB-4AD5-A106-DF9F74230ADC}.Release|Any CPU.ActiveCfg = Release|Any CPU
		{49A57282-47EB-4AD5-A106-DF9F74230ADC}.Release|Any CPU.Build.0 = Release|Any CPU
	EndGlobalSection
	GlobalSection(SolutionProperties) = preSolution
		HideSolutionNode = FALSE
	EndGlobalSection
	GlobalSection(ExtensibilityGlobals) = postSolution
		SolutionGuid = {4FD60A35-CA45-4431-AE0C-8733A5F4FC61}
	EndGlobalSection
EndGlobal
